
Microsoft Visual Studio Solution File, Format Version 12.00
Project("{FAE04EC0-301F-11D3-BF4B-00C04F79EFBC}") = "BekeTanszekBistro.MenuBoard.Api", "BekeTanszekBistro.MenuBoard.Api\BekeTanszekBistro.MenuBoard.Api.csproj", "{275A730D-6DF9-492C-AEC3-F399E78D9785}"
EndProject
Global
	GlobalSection(SolutionConfigurationPlatforms) = preSolution
		Debug|Any CPU = Debug|Any CPU
		Release|Any CPU = Release|Any CPU
	EndGlobalSection
	GlobalSection(ProjectConfigurationPlatforms) = postSolution
		{275A730D-6DF9-492C-AEC3-F399E78D9785}.Debug|Any CPU.ActiveCfg = Debug|Any CPU
		{275A730D-6DF9-492C-AEC3-F399E78D9785}.Debug|Any CPU.Build.0 = Debug|Any CPU
		{275A730D-6DF9-492C-AEC3-F399E78D9785}.Release|Any CPU.ActiveCfg = Release|Any CPU
		{275A730D-6DF9-492C-AEC3-F399E78D9785}.Release|Any CPU.Build.0 = Release|Any CPU
	EndGlobalSection
EndGlobal
